
Microsoft Visual Studio Solution File, Format Version 12.00
# Visual Studio 15
VisualStudioVersion = 15.0.28307.168
MinimumVisualStudioVersion = 10.0.40219.1
Project("{FAE04EC0-301F-11D3-BF4B-00C04F79EFBC}") = "SotsRestApi", "SotsRestApi\SotsRestApi.csproj", "{5A3B6AC2-5A39-426C-9601-2007D97415DF}"
EndProject
Global
	GlobalSection(SolutionConfigurationPlatforms) = preSolution
		Debug|Any CPU = Debug|Any CPU
		Release|Any CPU = Release|Any CPU
	EndGlobalSection
	GlobalSection(ProjectConfigurationPlatforms) = postSolution
		{5A3B6AC2-5A39-426C-9601-2007D97415DF}.Debug|Any CPU.ActiveCfg = Debug|Any CPU
		{5A3B6AC2-5A39-426C-9601-2007D97415DF}.Debug|Any CPU.Build.0 = Debug|Any CPU
		{5A3B6AC2-5A39-426C-9601-2007D97415DF}.Release|Any CPU.ActiveCfg = Release|Any CPU
		{5A3B6AC2-5A39-426C-9601-2007D97415DF}.Release|Any CPU.Build.0 = Release|Any CPU
	EndGlobalSection
	GlobalSection(SolutionProperties) = preSolution
		HideSolutionNode = FALSE
	EndGlobalSection
	GlobalSection(ExtensibilityGlobals) = postSolution
		SolutionGuid = {D4912F42-FCE9-4550-BDBA-2F1278A592FF}
	EndGlobalSection
EndGlobal
